
Microsoft Visual Studio Solution File, Format Version 12.00
# Visual Studio Version 16
VisualStudioVersion = 16.0.29209.62
MinimumVisualStudioVersion = 10.0.40219.1
Project("{FAE04EC0-301F-11D3-BF4B-00C04F79EFBC}") = "ConsoleApp1", "ConsoleApp1\ConsoleApp1.csproj", "{45661793-8096-4BFA-AD3E-36ED9B1AD389}"
EndProject
Global
	GlobalSection(SolutionConfigurationPlatforms) = preSolution
		Debug|Any CPU = Debug|Any CPU
		Release|Any CPU = Release|Any CPU
	EndGlobalSection
	GlobalSection(ProjectConfigurationPlatforms) = postSolution
		{45661793-8096-4BFA-AD3E-36ED9B1AD389}.Debug|Any CPU.ActiveCfg = Debug|Any CPU
		{45661793-8096-4BFA-AD3E-36ED9B1AD389}.Debug|Any CPU.Build.0 = Debug|Any CPU
		{45661793-8096-4BFA-AD3E-36ED9B1AD389}.Release|Any CPU.ActiveCfg = Release|Any CPU
		{45661793-8096-4BFA-AD3E-36ED9B1AD389}.Release|Any CPU.Build.0 = Release|Any CPU
	EndGlobalSection
	GlobalSection(SolutionProperties) = preSolution
		HideSolutionNode = FALSE
	EndGlobalSection
	GlobalSection(ExtensibilityGlobals) = postSolution
		SolutionGuid = {05265581-6D16-4ABD-9A12-C3A34929E417}
	EndGlobalSection
EndGlobal
